
Microsoft Visual Studio Solution File, Format Version 11.00
# Visual Studio 2010
Project("{8BC9CEB8-8B4A-11D0-8D11-00A0C91BC942}") = "qlua_proxy", "qlua_proxy\qlua_proxy.vcxproj", "{DFD0DD9E-68F3-44FE-8488-C0F0C973BB34}"
EndProject
Global
	GlobalSection(SolutionConfigurationPlatforms) = preSolution
		Debug|Win32 = Debug|Win32
		Release|Win32 = Release|Win32
	EndGlobalSection
	GlobalSection(ProjectConfigurationPlatforms) = postSolution
		{DFD0DD9E-68F3-44FE-8488-C0F0C973BB34}.Debug|Win32.ActiveCfg = Debug|Win32
		{DFD0DD9E-68F3-44FE-8488-C0F0C973BB34}.Debug|Win32.Build.0 = Debug|Win32
		{DFD0DD9E-68F3-44FE-8488-C0F0C973BB34}.Release|Win32.ActiveCfg = Release|Win32
		{DFD0DD9E-68F3-44FE-8488-C0F0C973BB34}.Release|Win32.Build.0 = Release|Win32
	EndGlobalSection
	GlobalSection(SolutionProperties) = preSolution
		HideSolutionNode = FALSE
	EndGlobalSection
EndGlobal
